github.com/995933447/simpletrace v0.0.0-20220731150137-e9c6219dd21d h1:LNm48leY4tHFUSXUWBXR1OHP6jlT5WJJSniSGE6y9n0=
github.com/995933447/simpletrace v0.0.0-20220731150137-e9c6219dd21d/go.mod h1:3EZ4DZlNwShFb/WN6py+7oARLavgvAq/JhMANPn2bmk=
github.com/995933447/std-go v0.0.0-20220731152403-7a2382e99cd8 h1:qxB5eCNrN75E8Lt+OOLRToTaci0Rf/cVzxxFWgSkFWM=
github.com/995933447/std-go v0.0.0-20220731152403-7a2382e99cd8/go.mod h1:Y48pg+Gwti1Ck6BZSCm/+UHmtzC4A1pARw6UdFMpNaI=
github.com/995933447/stringhelper-go v0.0.0-20220731145713-daa961470957 h1:mTeUsZxg6oHkI8Fs+z2Fco3+gq7gFQWLjHBbTV3pP48=
github.com/995933447/stringhelper-go v0.0.0-20220731145713-daa961470957/go.mod h1:cwkwj1/zndmaLbRYgQqy6qwY/ITAiEMdR+1BGssgXik=
