github.com/995933447/gofiler v0.0.0-20250611152943-58698ea59433 h1:BLIO5LOHjdKebzwpuD55h+V1zJpzTzuE8Y0Sc/xq7j4=
github.com/995933447/gofiler v0.0.0-20250611152943-58698ea59433/go.mod h1:WZpPfhr+i7up37DPP0S8yjPLB9XP8H5R2YgAUZN4Yek=
github.com/995933447/runtimeutil v0.0.0-20250616093445-cac0b5d5db5e h1:W8bfYkLryXKuFWY9n6MvmBSQaIOwJOVyuzqONpg1qDs=
github.com/995933447/runtimeutil v0.0.0-20250616093445-cac0b5d5db5e/go.mod h1:Yag71VUobvmLPbIxwn5Qpx0ZEj5tW3ZuqWCs+8PUh/4=
github.com/995933447/simpletrace v0.0.0-20230217061256-c25a914bd376 h1:hIHav2TTYiAGn87d9CGiuuty5cT/YBOb5Uxs52FoDgs=
github.com/995933447/simpletrace v0.0.0-20230217061256-c25a914bd376/go.mod h1:Kh2+nE3eCIOSIwSo8Sxj/MbWt1KPMJJz+9SHptuYr6s=
github.com/995933447/std-go v0.0.0-20220806175833-ab3496c0b696 h1:GzBuvejakMWMZ6QWpbpcFmJb9WYrZ++yOrm/IEap+hw=
github.com/995933447/std-go v0.0.0-20220806175833-ab3496c0b696/go.mod h1:Y48pg+Gwti1Ck6BZSCm/+UHmtzC4A1pARw6UdFMpNaI=
github.com/995933447/stringhelper-go v0.0.0-20221220072216-628db3bc29d8 h1:q37SO0GTj/dk35jov187h3CACffZle6KjVzgGOrLkBM=
github.com/995933447/stringhelper-go v0.0.0-20221220072216-628db3bc29d8/go.mod h1:cwkwj1/zndmaLbRYgQqy6qwY/ITAiEMdR+1BGssgXik=
github.com/BurntSushi/toml v1.5.0 h1:W5quZX/G/csjUnuI8SUYlsHs9M38FC7znL0lIO+DvMg=
github.com/BurntSushi/toml v1.5.0/go.mod h1:ukJfTF/6rtPPRCnwkur4qwRxa8vTRFBF0uk2lLoLwho=
github.com/davecgh/go-spew v1.1.0/go.mod h1:J7Y8YcW2NihsgmVo/mv3lAwl/skON4iLHjSsI+c5H38=
github.com/davecgh/go-spew v1.1.1 h1:vj9j/u1bqnvCEfJOwUhtlOARqs3+rkHYY13jYWTU97c=
github.com/davecgh/go-spew v1.1.1/go.mod h1:J7Y8YcW2NihsgmVo/mv3lAwl/skON4iLHjSsI+c5H38=
github.com/google/gofuzz v1.0.0/go.mod h1:dBl0BpW6vV/+mYPU4Po3pmUjxk6FQPldtuIdl/M65Eg=
github.com/json-iterator/go v1.1.12 h1:PV8peI4a0ysnczrg+LtxykD8LfKY9ML6u2jnxaEnrnM=
github.com/json-iterator/go v1.1.12/go.mod h1:e30LSqwooZae/UwlEbR2852Gd8hjQvJoHmT4TnhNGBo=
github.com/modern-go/concurrent v0.0.0-20180228061459-e0a39a4cb421 h1:ZqeYNhU3OHLH3mGKHDcjJRFFRrJa6eAM5H+CtDdOsPc=
github.com/modern-go/concurrent v0.0.0-20180228061459-e0a39a4cb421/go.mod h1:6dJC0mAP4ikYIbvyc7fijjWJddQyLn8Ig3JB5CqoB9Q=
github.com/modern-go/reflect2 v1.0.2 h1:xBagoLtFs94CBntxluKeaWgTMpvLxC4ur3nMaC9Gz0M=
github.com/modern-go/reflect2 v1.0.2/go.mod h1:yWuevngMOJpCy52FWWMvUC8ws7m/LJsjYzDa0/r8luk=
github.com/petermattis/goid v0.0.0-20250508124226-395b08cebbdb h1:3PrKuO92dUTMrQ9dx0YNejC6U/Si6jqKmyQ9vWjwqR4=
github.com/petermattis/goid v0.0.0-20250508124226-395b08cebbdb/go.mod h1:pxMtw7cyUw6B2bRH0ZBANSPg+AoSud1I1iyJHI69jH4=
github.com/pmezard/go-difflib v1.0.0 h1:4DBwDE0NGyQoBHbLQYPwSUPoCMWR5BEzIk/f1lZbAQM=
github.com/pmezard/go-difflib v1.0.0/go.mod h1:iKH77koFhYxTK1pcRnkKkqfTogsbg7gZNVY4sRDYZ/4=
github.com/stretchr/objx v0.1.0/go.mod h1:HFkY916IF+rwdDfMAkV7OtwuqBVzrE8GR6GFx+wExME=
github.com/stretchr/testify v1.3.0 h1:TivCn/peBQ7UY8ooIcPgZFpTNSz0Q2U6UrFlUfqbe0Q=
github.com/stretchr/testify v1.3.0/go.mod h1:M5WIy9Dh21IEIfnGCwXGc5bZfKNJtfHm1UVUgZn+9EI=
golang.org/x/sync v0.15.0 h1:KWH3jNZsfyT6xfAfKiz6MRNmd46ByHDYaZ7KSkCtdW8=
golang.org/x/sync v0.15.0/go.mod h1:1dzgHSNfp02xaA81J2MS99Qcpr2w7fw1gpm99rleRqA=
