github.com/995933447/simpletrace v0.0.0-20221215132514-4140c70e8f71 h1:FvWGd2eyJY/cbwF+MxzMgQNtlbXX9jg6y1A7PEK0ZIY=
github.com/995933447/simpletrace v0.0.0-20221215132514-4140c70e8f71/go.mod h1:3EZ4DZlNwShFb/WN6py+7oARLavgvAq/JhMANPn2bmk=
github.com/995933447/std-go v0.0.0-20220806175833-ab3496c0b696 h1:GzBuvejakMWMZ6QWpbpcFmJb9WYrZ++yOrm/IEap+hw=
github.com/995933447/std-go v0.0.0-20220806175833-ab3496c0b696/go.mod h1:Y48pg+Gwti1Ck6BZSCm/+UHmtzC4A1pARw6UdFMpNaI=
github.com/995933447/stringhelper-go v0.0.0-20220731145713-daa961470957 h1:mTeUsZxg6oHkI8Fs+z2Fco3+gq7gFQWLjHBbTV3pP48=
github.com/995933447/stringhelper-go v0.0.0-20220731145713-daa961470957/go.mod h1:cwkwj1/zndmaLbRYgQqy6qwY/ITAiEMdR+1BGssgXik=
